<?xml version="1.0" encoding="utf-8"?>
<Project ToolsVersion="4.0" xmlns="http://schemas.microsoft.com/developer/msbuild/2003">
  <ItemGroup>
    <Filter Include="Source Files">
      <UniqueIdentifier>{4FC737F1-C7A5-4376-A066-2A32D752A2FF}</UniqueIdentifier>
      <Extensions>cpp;c;cc;cxx;def;odl;idl;hpj;bat;asm;asmx</Extensions>
    </Filter>
    <Filter Include="Header Files">
      <UniqueIdentifier>{93995380-89BD-4b04-88EB-625FBE52EBFB}</UniqueIdentifier>
      <Extensions>h;hh;hpp;hxx;hm;inl;inc;xsd</Extensions>
    </Filter>
    <Filter Include="Models">
      <UniqueIdentifier>{262ead42-72a3-4726-97e5-1f6a26b654c6}</UniqueIdentifier>
    </Filter>
    <Filter Include="Controllers">
      <UniqueIdentifier>{5b285916-32b2-4cfa-bfcc-034233365337}</UniqueIdentifier>
    </Filter>
    <Filter Include="View">
      <UniqueIdentifier>{07ffe22e-da24-4a2d-ba06-243203117f2c}</UniqueIdentifier>
    </Filter>
    <Filter Include="View\Header Files">
      <UniqueIdentifier>{636ffa29-ee72-41be-9dbc-ca7d4c47a079}</UniqueIdentifier>
    </Filter>
    <Filter Include="View\Source Files">
      <UniqueIdentifier>{769c9755-3ec4-433b-8114-cbf932a721af}</UniqueIdentifier>
    </Filter>
    <Filter Include="Controllers\Header Files">
      <UniqueIdentifier>{22b1054e-32b5-450b-9520-d950efc3d830}</UniqueIdentifier>
    </Filter>
    <Filter Include="Controllers\Source Files">
      <UniqueIdentifier>{247abff1-4082-4656-ae5b-7f6857ab55c2}</UniqueIdentifier>
    </Filter>
    <Filter Include="Models\Header Files">
      <UniqueIdentifier>{6a6b4eb1-c260-4104-9930-107417fee677}</UniqueIdentifier>
    </Filter>
    <Filter Include="Models\Source Files">
      <UniqueIdentifier>{4d95c282-a304-462f-af1b-a1545e187366}</UniqueIdentifier>
    </Filter>
    <Filter Include="Server">
      <UniqueIdentifier>{9302be99-04b9-4810-a2a8-d725324a6cb7}</UniqueIdentifier>
    </Filter>
    <Filter Include="Server\Source Files">
      <UniqueIdentifier>{3e11baad-6626-41d5-bd61-0097c7b3667b}</UniqueIdentifier>
    </Filter>
    <Filter Include="Server\Header Files">
      <UniqueIdentifier>{50b57c81-de77-428a-9bcf-61a0bbd6e79b}</UniqueIdentifier>
    </Filter>
  </ItemGroup>
  <ItemGroup>
    <ClCompile Include="main.cpp">
      <Filter>Source Files</Filter>
    </ClCompile>
    <ClCompile Include="Socket.cpp">
      <Filter>Server\Source Files</Filter>
    </ClCompile>
    <ClCompile Include="Player.cpp">
      <Filter>Server\Source Files</Filter>
    </ClCompile>
    <ClCompile Include="throw.cpp">
      <Filter>Source Files</Filter>
    </ClCompile>
  </ItemGroup>
  <ItemGroup>
    <ClInclude Include="ClientCommand.h">
      <Filter>Server\Header Files</Filter>
    </ClInclude>
    <ClInclude Include="ClientInfo.h">
      <Filter>Server\Header Files</Filter>
    </ClInclude>
    <ClInclude Include="Player.h">
      <Filter>Server\Header Files</Filter>
    </ClInclude>
    <ClInclude Include="Socket.h">
      <Filter>Server\Header Files</Filter>
    </ClInclude>
    <ClInclude Include="Sync_queue.h">
      <Filter>Server\Header Files</Filter>
    </ClInclude>
    <ClInclude Include="throw.h">
      <Filter>Server\Header Files</Filter>
    </ClInclude>
  </ItemGroup>
</Project>